// !$*UTF8*$!
{
	archiveVersion = 1;
	classes = {
	};
	objectVersion = 48;
	objects = {

/* Begin PBXBuildFile section */
		B609182020230308005E86EB /* AppDelegate.m in Sources */ = {isa = PBXBuildFile; fileRef = B609181F20230308005E86EB /* AppDelegate.m */; };
		B609182320230309005E86EB /* ViewController.m in Sources */ = {isa = PBXBuildFile; fileRef = B609182220230309005E86EB /* ViewController.m */; };
		B609182620230309005E86EB /* Main.storyboard in Resources */ = {isa = PBXBuildFile; fileRef = B609182420230309005E86EB /* Main.storyboard */; };
		B609182820230309005E86EB /* Assets.xcassets in Resources */ = {isa = PBXBuildFile; fileRef = B609182720230309005E86EB /* Assets.xcassets */; };
		B609182B20230309005E86EB /* LaunchScreen.storyboard in Resources */ = {isa = PBXBuildFile; fileRef = B609182920230309005E86EB /* LaunchScreen.storyboard */; };
		B609182E20230309005E86EB /* main.m in Sources */ = {isa = PBXBuildFile; fileRef = B609182D20230309005E86EB /* main.m */; };
		B6091838202305A4005E86EB /* ModelView.m in Sources */ = {isa = PBXBuildFile; fileRef = B6091837202305A4005E86EB /* ModelView.m */; };
		B609183B202305DB005E86EB /* ModelA.m in Sources */ = {isa = PBXBuildFile; fileRef = B609183A202305DB005E86EB /* ModelA.m */; };
		B609183E202305E7005E86EB /* ModelB.m in Sources */ = {isa = PBXBuildFile; fileRef = B609183D202305E7005E86EB /* ModelB.m */; };
		B6091841202305F0005E86EB /* ModelC.m in Sources */ = {isa = PBXBuildFile; fileRef = B6091840202305F0005E86EB /* ModelC.m */; };
		B61248412023184B00E2541C /* ModelAViewController.m in Sources */ = {isa = PBXBuildFile; fileRef = B61248402023184B00E2541C /* ModelAViewController.m */; };
		B61248442023185700E2541C /* ModelBViewController.m in Sources */ = {isa = PBXBuildFile; fileRef = B61248432023185700E2541C /* ModelBViewController.m */; };
		B61248472023186000E2541C /* ModelCViewController.m in Sources */ = {isa = PBXBuildFile; fileRef = B61248462023186000E2541C /* ModelCViewController.m */; };
/* End PBXBuildFile section */

/* Begin PBXFileReference section */
		B609181B20230308005E86EB /* ModelProxy.app */ = {isa = PBXFileReference; explicitFileType = wrapper.application; includeInIndex = 0; path = ModelProxy.app; sourceTree = BUILT_PRODUCTS_DIR; };
		B609181E20230308005E86EB /* AppDelegate.h */ = {isa = PBXFileReference; lastKnownFileType = sourcecode.c.h; path = AppDelegate.h; sourceTree = "<group>"; };
		B609181F20230308005E86EB /* AppDelegate.m */ = {isa = PBXFileReference; lastKnownFileType = sourcecode.c.objc; path = AppDelegate.m; sourceTree = "<group>"; };
		B609182120230309005E86EB /* ViewController.h */ = {isa = PBXFileReference; lastKnownFileType = sourcecode.c.h; path = ViewController.h; sourceTree = "<group>"; };
		B609182220230309005E86EB /* ViewController.m */ = {isa = PBXFileReference; lastKnownFileType = sourcecode.c.objc; path = ViewController.m; sourceTree = "<group>"; };
		B609182520230309005E86EB /* Base */ = {isa = PBXFileReference; lastKnownFileType = file.storyboard; name = Base; path = Base.lproj/Main.storyboard; sourceTree = "<group>"; };
		B609182720230309005E86EB /* Assets.xcassets */ = {isa = PBXFileReference; lastKnownFileType = folder.assetcatalog; path = Assets.xcassets; sourceTree = "<group>"; };
		B609182A20230309005E86EB /* Base */ = {isa = PBXFileReference; lastKnownFileType = file.storyboard; name = Base; path = Base.lproj/LaunchScreen.storyboard; sourceTree = "<group>"; };
		B609182C20230309005E86EB /* Info.plist */ = {isa = PBXFileReference; lastKnownFileType = text.plist.xml; path = Info.plist; sourceTree = "<group>"; };
		B609182D20230309005E86EB /* main.m */ = {isa = PBXFileReference; lastKnownFileType = sourcecode.c.objc; path = main.m; sourceTree = "<group>"; };
		B6091836202305A4005E86EB /* ModelView.h */ = {isa = PBXFileReference; lastKnownFileType = sourcecode.c.h; path = ModelView.h; sourceTree = "<group>"; };
		B6091837202305A4005E86EB /* ModelView.m */ = {isa = PBXFileReference; lastKnownFileType = sourcecode.c.objc; path = ModelView.m; sourceTree = "<group>"; };
		B6091839202305DB005E86EB /* ModelA.h */ = {isa = PBXFileReference; lastKnownFileType = sourcecode.c.h; path = ModelA.h; sourceTree = "<group>"; };
		B609183A202305DB005E86EB /* ModelA.m */ = {isa = PBXFileReference; lastKnownFileType = sourcecode.c.objc; path = ModelA.m; sourceTree = "<group>"; };
		B609183C202305E7005E86EB /* ModelB.h */ = {isa = PBXFileReference; lastKnownFileType = sourcecode.c.h; path = ModelB.h; sourceTree = "<group>"; };
		B609183D202305E7005E86EB /* ModelB.m */ = {isa = PBXFileReference; lastKnownFileType = sourcecode.c.objc; path = ModelB.m; sourceTree = "<group>"; };
		B609183F202305F0005E86EB /* ModelC.h */ = {isa = PBXFileReference; lastKnownFileType = sourcecode.c.h; path = ModelC.h; sourceTree = "<group>"; };
		B6091840202305F0005E86EB /* ModelC.m */ = {isa = PBXFileReference; lastKnownFileType = sourcecode.c.objc; path = ModelC.m; sourceTree = "<group>"; };
		B609184220230AA8005E86EB /* ViewModelProtocol.h */ = {isa = PBXFileReference; lastKnownFileType = sourcecode.c.h; path = ViewModelProtocol.h; sourceTree = "<group>"; };
		B612483F2023184B00E2541C /* ModelAViewController.h */ = {isa = PBXFileReference; lastKnownFileType = sourcecode.c.h; path = ModelAViewController.h; sourceTree = "<group>"; };
		B61248402023184B00E2541C /* ModelAViewController.m */ = {isa = PBXFileReference; lastKnownFileType = sourcecode.c.objc; path = ModelAViewController.m; sourceTree = "<group>"; };
		B61248422023185700E2541C /* ModelBViewController.h */ = {isa = PBXFileReference; lastKnownFileType = sourcecode.c.h; path = ModelBViewController.h; sourceTree = "<group>"; };
		B61248432023185700E2541C /* ModelBViewController.m */ = {isa = PBXFileReference; lastKnownFileType = sourcecode.c.objc; path = ModelBViewController.m; sourceTree = "<group>"; };
		B61248452023186000E2541C /* ModelCViewController.h */ = {isa = PBXFileReference; lastKnownFileType = sourcecode.c.h; path = ModelCViewController.h; sourceTree = "<group>"; };
		B61248462023186000E2541C /* ModelCViewController.m */ = {isa = PBXFileReference; lastKnownFileType = sourcecode.c.objc; path = ModelCViewController.m; sourceTree = "<group>"; };
/* End PBXFileReference section */

/* Begin PBXFrameworksBuildPhase section */
		B609181820230308005E86EB /* Frameworks */ = {
			isa = PBXFrameworksBuildPhase;
			buildActionMask = 2147483647;
			files = (
			);
			runOnlyForDeploymentPostprocessing = 0;
		};
/* End PBXFrameworksBuildPhase section */

/* Begin PBXGroup section */
		B609181220230308005E86EB = {
			isa = PBXGroup;
			children = (
				B609181D20230308005E86EB /* ModelProxy */,
				B609181C20230308005E86EB /* Products */,
			);
			sourceTree = "<group>";
		};
		B609181C20230308005E86EB /* Products */ = {
			isa = PBXGroup;
			children = (
				B609181B20230308005E86EB /* ModelProxy.app */,
			);
			name = Products;
			sourceTree = "<group>";
		};
		B609181D20230308005E86EB /* ModelProxy */ = {
			isa = PBXGroup;
			children = (
				B609181E20230308005E86EB /* AppDelegate.h */,
				B609181F20230308005E86EB /* AppDelegate.m */,
				B609182120230309005E86EB /* ViewController.h */,
				B609182220230309005E86EB /* ViewController.m */,
				B609184220230AA8005E86EB /* ViewModelProtocol.h */,
				B612483E2023183000E2541C /* ViewController */,
				B609183520230343005E86EB /* View */,
				B60918342023031F005E86EB /* Model */,
				B609182420230309005E86EB /* Main.storyboard */,
				B609182720230309005E86EB /* Assets.xcassets */,
				B609182920230309005E86EB /* LaunchScreen.storyboard */,
				B609182C20230309005E86EB /* Info.plist */,
				B609182D20230309005E86EB /* main.m */,
			);
			path = ModelProxy;
			sourceTree = "<group>";
		};
		B60918342023031F005E86EB /* Model */ = {
			isa = PBXGroup;
			children = (
				B6091839202305DB005E86EB /* ModelA.h */,
				B609183A202305DB005E86EB /* ModelA.m */,
				B609183C202305E7005E86EB /* ModelB.h */,
				B609183D202305E7005E86EB /* ModelB.m */,
				B609183F202305F0005E86EB /* ModelC.h */,
				B6091840202305F0005E86EB /* ModelC.m */,
			);
			path = Model;
			sourceTree = "<group>";
		};
		B609183520230343005E86EB /* View */ = {
			isa = PBXGroup;
			children = (
				B6091836202305A4005E86EB /* ModelView.h */,
				B6091837202305A4005E86EB /* ModelView.m */,
			);
			path = View;
			sourceTree = "<group>";
		};
		B612483E2023183000E2541C /* ViewController */ = {
			isa = PBXGroup;
			children = (
				B612483F2023184B00E2541C /* ModelAViewController.h */,
				B61248402023184B00E2541C /* ModelAViewController.m */,
				B61248422023185700E2541C /* ModelBViewController.h */,
				B61248432023185700E2541C /* ModelBViewController.m */,
				B61248452023186000E2541C /* ModelCViewController.h */,
				B61248462023186000E2541C /* ModelCViewController.m */,
			);
			path = ViewController;
			sourceTree = "<group>";
		};
/* End PBXGroup section */

/* Begin PBXNativeTarget section */
		B609181A20230308005E86EB /* ModelProxy */ = {
			isa = PBXNativeTarget;
			buildConfigurationList = B609183120230309005E86EB /* Build configuration list for PBXNativeTarget "ModelProxy" */;
			buildPhases = (
				B609181720230308005E86EB /* Sources */,
				B609181820230308005E86EB /* Frameworks */,
				B609181920230308005E86EB /* Resources */,
			);
			buildRules = (
			);
			dependencies = (
			);
			name = ModelProxy;
			productName = ModelProxy;
			productReference = B609181B20230308005E86EB /* ModelProxy.app */;
			productType = "com.apple.product-type.application";
		};
/* End PBXNativeTarget section */

/* Begin PBXProject section */
		B609181320230308005E86EB /* Project object */ = {
			isa = PBXProject;
			attributes = {
				LastUpgradeCheck = 0920;
				ORGANIZATIONNAME = dashang;
				TargetAttributes = {
					B609181A20230308005E86EB = {
						CreatedOnToolsVersion = 9.2;
						ProvisioningStyle = Automatic;
					};
				};
			};
			buildConfigurationList = B609181620230308005E86EB /* Build configuration list for PBXProject "ModelProxy" */;
			compatibilityVersion = "Xcode 8.0";
			developmentRegion = en;
			hasScannedForEncodings = 0;
			knownRegions = (
				en,
				Base,
			);
			mainGroup = B609181220230308005E86EB;
			productRefGroup = B609181C20230308005E86EB /* Products */;
			projectDirPath = "";
			projectRoot = "";
			targets = (
				B609181A20230308005E86EB /* ModelProxy */,
			);
		};
/* End PBXProject section */

/* Begin PBXResourcesBuildPhase section */
		B609181920230308005E86EB /* Resources */ = {
			isa = PBXResourcesBuildPhase;
			buildActionMask = 2147483647;
			files = (
				B609182B20230309005E86EB /* LaunchScreen.storyboard in Resources */,
				B609182820230309005E86EB /* Assets.xcassets in Resources */,
				B609182620230309005E86EB /* Main.storyboard in Resources */,
			);
			runOnlyForDeploymentPostprocessing = 0;
		};
/* End PBXResourcesBuildPhase section */

/* Begin PBXSourcesBuildPhase section */
		B609181720230308005E86EB /* Sources */ = {
			isa = PBXSourcesBuildPhase;
			buildActionMask = 2147483647;
			files = (
				B61248412023184B00E2541C /* ModelAViewController.m in Sources */,
				B61248442023185700E2541C /* ModelBViewController.m in Sources */,
				B609182320230309005E86EB /* ViewController.m in Sources */,
				B6091841202305F0005E86EB /* ModelC.m in Sources */,
				B609182E20230309005E86EB /* main.m in Sources */,
				B609183E202305E7005E86EB /* ModelB.m in Sources */,
				B6091838202305A4005E86EB /* ModelView.m in Sources */,
				B609182020230308005E86EB /* AppDelegate.m in Sources */,
				B61248472023186000E2541C /* ModelCViewController.m in Sources */,
				B609183B202305DB005E86EB /* ModelA.m in Sources */,
			);
			runOnlyForDeploymentPostprocessing = 0;
		};
/* End PBXSourcesBuildPhase section */

/* Begin PBXVariantGroup section */
		B609182420230309005E86EB /* Main.storyboard */ = {
			isa = PBXVariantGroup;
			children = (
				B609182520230309005E86EB /* Base */,
			);
			name = Main.storyboard;
			sourceTree = "<group>";
		};
		B609182920230309005E86EB /* LaunchScreen.storyboard */ = {
			isa = PBXVariantGroup;
			children = (
				B609182A20230309005E86EB /* Base */,
			);
			name = LaunchScreen.storyboard;
			sourceTree = "<group>";
		};
/* End PBXVariantGroup section */

/* Begin XCBuildConfiguration section */
		B609182F20230309005E86EB /* Debug */ = {
			isa = XCBuildConfiguration;
			buildSettings = {
				ALWAYS_SEARCH_USER_PATHS = NO;
				CLANG_ANALYZER_NONNULL = YES;
				CLANG_ANALYZER_NUMBER_OBJECT_CONVERSION = YES_AGGRESSIVE;
				CLANG_CXX_LANGUAGE_STANDARD = "gnu++14";
				CLANG_CXX_LIBRARY = "libc++";
				CLANG_ENABLE_MODULES = YES;
				CLANG_ENABLE_OBJC_ARC = YES;
				CLANG_WARN_BLOCK_CAPTURE_AUTORELEASING = YES;
				CLANG_WARN_BOOL_CONVERSION = YES;
				CLANG_WARN_COMMA = YES;
				CLANG_WARN_CONSTANT_CONVERSION = YES;
				CLANG_WARN_DIRECT_OBJC_ISA_USAGE = YES_ERROR;
				CLANG_WARN_DOCUMENTATION_COMMENTS = YES;
				CLANG_WARN_EMPTY_BODY = YES;
				CLANG_WARN_ENUM_CONVERSION = YES;
				CLANG_WARN_INFINITE_RECURSION = YES;
				CLANG_WARN_INT_CONVERSION = YES;
				CLANG_WARN_NON_LITERAL_NULL_CONVERSION = YES;
				CLANG_WARN_OBJC_LITERAL_CONVERSION = YES;
				CLANG_WARN_OBJC_ROOT_CLASS = YES_ERROR;
				CLANG_WARN_RANGE_LOOP_ANALYSIS = YES;
				CLANG_WARN_STRICT_PROTOTYPES = YES;
				CLANG_WARN_SUSPICIOUS_MOVE = YES;
				CLANG_WARN_UNGUARDED_AVAILABILITY = YES_AGGRESSIVE;
				CLANG_WARN_UNREACHABLE_CODE = YES;
				CLANG_WARN__DUPLICATE_METHOD_MATCH = YES;
				CODE_SIGN_IDENTITY = "iPhone Developer";
				COPY_PHASE_STRIP = NO;
				DEBUG_INFORMATION_FORMAT = dwarf;
				ENABLE_STRICT_OBJC_MSGSEND = YES;
				ENABLE_TESTABILITY = YES;
				GCC_C_LANGUAGE_STANDARD = gnu11;
				GCC_DYNAMIC_NO_PIC = NO;
				GCC_NO_COMMON_BLOCKS = YES;
				GCC_OPTIMIZATION_LEVEL = 0;
				GCC_PREPROCESSOR_DEFINITIONS = (
					"DEBUG=1",
					"$(inherited)",
				);
				GCC_WARN_64_TO_32_BIT_CONVERSION = YES;
				GCC_WARN_ABOUT_RETURN_TYPE = YES_ERROR;
				GCC_WARN_UNDECLARED_SELECTOR = YES;
				GCC_WARN_UNINITIALIZED_AUTOS = YES_AGGRESSIVE;
				GCC_WARN_UNUSED_FUNCTION = YES;
				GCC_WARN_UNUSED_VARIABLE = YES;
				IPHONEOS_DEPLOYMENT_TARGET = 11.2;
				MTL_ENABLE_DEBUG_INFO = YES;
				ONLY_ACTIVE_ARCH = YES;
				SDKROOT = iphoneos;
			};
			name = Debug;
		};
		B609183020230309005E86EB /* Release */ = {
			isa = XCBuildConfiguration;
			buildSettings = {
				ALWAYS_SEARCH_USER_PATHS = NO;
				CLANG_ANALYZER_NONNULL = YES;
				CLANG_ANALYZER_NUMBER_OBJECT_CONVERSION = YES_AGGRESSIVE;
				CLANG_CXX_LANGUAGE_STANDARD = "gnu++14";
				CLANG_CXX_LIBRARY = "libc++";
				CLANG_ENABLE_MODULES = YES;
				CLANG_ENABLE_OBJC_ARC = YES;
				CLANG_WARN_BLOCK_CAPTURE_AUTORELEASING = YES;
				CLANG_WARN_BOOL_CONVERSION = YES;
				CLANG_WARN_COMMA = YES;
				CLANG_WARN_CONSTANT_CONVERSION = YES;
				CLANG_WARN_DIRECT_OBJC_ISA_USAGE = YES_ERROR;
				CLANG_WARN_DOCUMENTATION_COMMENTS = YES;
				CLANG_WARN_EMPTY_BODY = YES;
				CLANG_WARN_ENUM_CONVERSION = YES;
				CLANG_WARN_INFINITE_RECURSION = YES;
				CLANG_WARN_INT_CONVERSION = YES;
				CLANG_WARN_NON_LITERAL_NULL_CONVERSION = YES;
				CLANG_WARN_OBJC_LITERAL_CONVERSION = YES;
				CLANG_WARN_OBJC_ROOT_CLASS = YES_ERROR;
				CLANG_WARN_RANGE_LOOP_ANALYSIS = YES;
				CLANG_WARN_STRICT_PROTOTYPES = YES;
				CLANG_WARN_SUSPICIOUS_MOVE = YES;
				CLANG_WARN_UNGUARDED_AVAILABILITY = YES_AGGRESSIVE;
				CLANG_WARN_UNREACHABLE_CODE = YES;
				CLANG_WARN__DUPLICATE_METHOD_MATCH = YES;
				CODE_SIGN_IDENTITY = "iPhone Developer";
				COPY_PHASE_STRIP = NO;
				DEBUG_INFORMATION_FORMAT = "dwarf-with-dsym";
				ENABLE_NS_ASSERTIONS = NO;
				ENABLE_STRICT_OBJC_MSGSEND = YES;
				GCC_C_LANGUAGE_STANDARD = gnu11;
				GCC_NO_COMMON_BLOCKS = YES;
				GCC_WARN_64_TO_32_BIT_CONVERSION = YES;
				GCC_WARN_ABOUT_RETURN_TYPE = YES_ERROR;
				GCC_WARN_UNDECLARED_SELECTOR = YES;
				GCC_WARN_UNINITIALIZED_AUTOS = YES_AGGRESSIVE;
				GCC_WARN_UNUSED_FUNCTION = YES;
				GCC_WARN_UNUSED_VARIABLE = YES;
				IPHONEOS_DEPLOYMENT_TARGET = 11.2;
				MTL_ENABLE_DEBUG_INFO = NO;
				SDKROOT = iphoneos;
				VALIDATE_PRODUCT = YES;
			};
			name = Release;
		};
		B609183220230309005E86EB /* Debug */ = {
			isa = XCBuildConfiguration;
			buildSettings = {
				ASSETCATALOG_COMPILER_APPICON_NAME = AppIcon;
				CODE_SIGN_STYLE = Automatic;
				INFOPLIST_FILE = ModelProxy/Info.plist;
				LD_RUNPATH_SEARCH_PATHS = "$(inherited) @executable_path/Frameworks";
				PRODUCT_BUNDLE_IDENTIFIER = com.dashang.ModelProxy;
				PRODUCT_NAME = "$(TARGET_NAME)";
				TARGETED_DEVICE_FAMILY = "1,2";
			};
			name = Debug;
		};
		B609183320230309005E86EB /* Release */ = {
			isa = XCBuildConfiguration;
			buildSettings = {
				ASSETCATALOG_COMPILER_APPICON_NAME = AppIcon;
				CODE_SIGN_STYLE = Automatic;
				INFOPLIST_FILE = ModelProxy/Info.plist;
				LD_RUNPATH_SEARCH_PATHS = "$(inherited) @executable_path/Frameworks";
				PRODUCT_BUNDLE_IDENTIFIER = com.dashang.ModelProxy;
				PRODUCT_NAME = "$(TARGET_NAME)";
				TARGETED_DEVICE_FAMILY = "1,2";
			};
			name = Release;
		};
/* End XCBuildConfiguration section */

/* Begin XCConfigurationList section */
		B609181620230308005E86EB /* Build configuration list for PBXProject "ModelProxy" */ = {
			isa = XCConfigurationList;
			buildConfigurations = (
				B609182F20230309005E86EB /* Debug */,
				B609183020230309005E86EB /* Release */,
			);
			defaultConfigurationIsVisible = 0;
			defaultConfigurationName = Release;
		};
		B609183120230309005E86EB /* Build configuration list for PBXNativeTarget "ModelProxy" */ = {
			isa = XCConfigurationList;
			buildConfigurations = (
				B609183220230309005E86EB /* Debug */,
				B609183320230309005E86EB /* Release */,
			);
			defaultConfigurationIsVisible = 0;
			defaultConfigurationName = Release;
		};
/* End XCConfigurationList section */
	};
	rootObject = B609181320230308005E86EB /* Project object */;
}
